
Microsoft Visual Studio Solution File, Format Version 12.00
# Visual Studio Version 17
VisualStudioVersion = 17.10.35122.118
MinimumVisualStudioVersion = 10.0.40219.1
Project("{9A19103F-16F7-4668-BE54-9A1E7A4F7556}") = "Ecommerce.API", "Ecommerce.API.csproj", "{BE554A99-8ACD-4854-9BFE-6B77602EF6D6}"
EndProject
Project("{9A19103F-16F7-4668-BE54-9A1E7A4F7556}") = "Ecommerce.Entities", "..\Ecommerce.Entities\Ecommerce.Entities.csproj", "{69FBB2A2-4675-4E8A-9D0F-F0B3FF35A5F0}"
EndProject
Project("{9A19103F-16F7-4668-BE54-9A1E7A4F7556}") = "Ecommerce.DataAccess", "..\Ecommerce.DataAccess\Ecommerce.DataAccess.csproj", "{7720CE83-10E9-4069-B5CA-4E5519961CBE}"
EndProject
Project("{9A19103F-16F7-4668-BE54-9A1E7A4F7556}") = "Ecommerce.Utilities", "..\Ecommerce.Utilities\Ecommerce.Utilities.csproj", "{042E07DB-F151-4984-856D-A9AC94C30E9E}"
EndProject
Global
	GlobalSection(SolutionConfigurationPlatforms) = preSolution
		Debug|Any CPU = Debug|Any CPU
		Release|Any CPU = Release|Any CPU
	EndGlobalSection
	GlobalSection(ProjectConfigurationPlatforms) = postSolution
		{BE554A99-8ACD-4854-9BFE-6B77602EF6D6}.Debug|Any CPU.ActiveCfg = Debug|Any CPU
		{BE554A99-8ACD-4854-9BFE-6B77602EF6D6}.Debug|Any CPU.Build.0 = Debug|Any CPU
		{BE554A99-8ACD-4854-9BFE-6B77602EF6D6}.Release|Any CPU.ActiveCfg = Release|Any CPU
		{BE554A99-8ACD-4854-9BFE-6B77602EF6D6}.Release|Any CPU.Build.0 = Release|Any CPU
		{69FBB2A2-4675-4E8A-9D0F-F0B3FF35A5F0}.Debug|Any CPU.ActiveCfg = Debug|Any CPU
		{69FBB2A2-4675-4E8A-9D0F-F0B3FF35A5F0}.Debug|Any CPU.Build.0 = Debug|Any CPU
		{69FBB2A2-4675-4E8A-9D0F-F0B3FF35A5F0}.Release|Any CPU.ActiveCfg = Release|Any CPU
		{69FBB2A2-4675-4E8A-9D0F-F0B3FF35A5F0}.Release|Any CPU.Build.0 = Release|Any CPU
		{7720CE83-10E9-4069-B5CA-4E5519961CBE}.Debug|Any CPU.ActiveCfg = Debug|Any CPU
		{7720CE83-10E9-4069-B5CA-4E5519961CBE}.Debug|Any CPU.Build.0 = Debug|Any CPU
		{7720CE83-10E9-4069-B5CA-4E5519961CBE}.Release|Any CPU.ActiveCfg = Release|Any CPU
		{7720CE83-10E9-4069-B5CA-4E5519961CBE}.Release|Any CPU.Build.0 = Release|Any CPU
		{042E07DB-F151-4984-856D-A9AC94C30E9E}.Debug|Any CPU.ActiveCfg = Debug|Any CPU
		{042E07DB-F151-4984-856D-A9AC94C30E9E}.Debug|Any CPU.Build.0 = Debug|Any CPU
		{042E07DB-F151-4984-856D-A9AC94C30E9E}.Release|Any CPU.ActiveCfg = Release|Any CPU
		{042E07DB-F151-4984-856D-A9AC94C30E9E}.Release|Any CPU.Build.0 = Release|Any CPU
	EndGlobalSection
	GlobalSection(SolutionProperties) = preSolution
		HideSolutionNode = FALSE
	EndGlobalSection
	GlobalSection(ExtensibilityGlobals) = postSolution
		SolutionGuid = {1AAF087A-9AEB-48AA-992B-1A4A63ABC99E}
	EndGlobalSection
EndGlobal
