
Microsoft Visual Studio Solution File, Format Version 12.00
# Visual Studio Version 17
VisualStudioVersion = 17.10.35122.118
MinimumVisualStudioVersion = 10.0.40219.1
Project("{FAE04EC0-301F-11D3-BF4B-00C04F79EFBC}") = "Ecommerce.API", "Ecommerce.API.csproj", "{467AA240-1D32-4757-92CD-269F63B071D7}"
EndProject
Project("{FAE04EC0-301F-11D3-BF4B-00C04F79EFBC}") = "Ecommerce.DataAccess", "..\..\Ecommerce.DataAccess\Ecommerce.DataAccess.csproj", "{A4FB897C-FC70-40EC-828F-3EA3684FFC40}"
EndProject
Project("{FAE04EC0-301F-11D3-BF4B-00C04F79EFBC}") = "Ecommerce.Entities", "..\..\Ecommerce.Entities\Ecommerce.Entities.csproj", "{DCA8972A-DF2E-4316-8747-7C0940610F1E}"
EndProject
Project("{FAE04EC0-301F-11D3-BF4B-00C04F79EFBC}") = "Ecommerce.Utilities", "..\..\Ecommerce.Utilities\Ecommerce.Utilities.csproj", "{FE66915E-46B4-4EF9-8701-AC9B1AEF9A99}"
EndProject
Global
	GlobalSection(SolutionConfigurationPlatforms) = preSolution
		Debug|Any CPU = Debug|Any CPU
		Release|Any CPU = Release|Any CPU
	EndGlobalSection
	GlobalSection(ProjectConfigurationPlatforms) = postSolution
		{467AA240-1D32-4757-92CD-269F63B071D7}.Debug|Any CPU.ActiveCfg = Debug|Any CPU
		{467AA240-1D32-4757-92CD-269F63B071D7}.Debug|Any CPU.Build.0 = Debug|Any CPU
		{467AA240-1D32-4757-92CD-269F63B071D7}.Release|Any CPU.ActiveCfg = Release|Any CPU
		{467AA240-1D32-4757-92CD-269F63B071D7}.Release|Any CPU.Build.0 = Release|Any CPU
		{A4FB897C-FC70-40EC-828F-3EA3684FFC40}.Debug|Any CPU.ActiveCfg = Debug|Any CPU
		{A4FB897C-FC70-40EC-828F-3EA3684FFC40}.Debug|Any CPU.Build.0 = Debug|Any CPU
		{A4FB897C-FC70-40EC-828F-3EA3684FFC40}.Release|Any CPU.ActiveCfg = Release|Any CPU
		{A4FB897C-FC70-40EC-828F-3EA3684FFC40}.Release|Any CPU.Build.0 = Release|Any CPU
		{DCA8972A-DF2E-4316-8747-7C0940610F1E}.Debug|Any CPU.ActiveCfg = Debug|Any CPU
		{DCA8972A-DF2E-4316-8747-7C0940610F1E}.Debug|Any CPU.Build.0 = Debug|Any CPU
		{DCA8972A-DF2E-4316-8747-7C0940610F1E}.Release|Any CPU.ActiveCfg = Release|Any CPU
		{DCA8972A-DF2E-4316-8747-7C0940610F1E}.Release|Any CPU.Build.0 = Release|Any CPU
		{FE66915E-46B4-4EF9-8701-AC9B1AEF9A99}.Debug|Any CPU.ActiveCfg = Debug|Any CPU
		{FE66915E-46B4-4EF9-8701-AC9B1AEF9A99}.Debug|Any CPU.Build.0 = Debug|Any CPU
		{FE66915E-46B4-4EF9-8701-AC9B1AEF9A99}.Release|Any CPU.ActiveCfg = Release|Any CPU
		{FE66915E-46B4-4EF9-8701-AC9B1AEF9A99}.Release|Any CPU.Build.0 = Release|Any CPU
	EndGlobalSection
	GlobalSection(SolutionProperties) = preSolution
		HideSolutionNode = FALSE
	EndGlobalSection
	GlobalSection(ExtensibilityGlobals) = postSolution
		SolutionGuid = {1AAF087A-9AEB-48AA-992B-1A4A63ABC99E}
	EndGlobalSection
EndGlobal
